golang.org/x/mod v0.5.1 h1:OJxoQ/rynoF0dcCdI7cLPktw/hR2cueqYfjm43oqK38=
golang.org/x/mod v0.5.1/go.mod h1:5OXOZSfqPIIbmVBIIKWRFfZjPR0E5r58TLhUjH0a2Ro=
golang.org/x/mod v0.6.0-dev.0.20220106191415-9b9b3d81d5e3 h1:kQgndtyPBW/JIYERgdxfwMYh3AVStj88WQTlNDi2a+o=
golang.org/x/mod v0.6.0-dev.0.20220106191415-9b9b3d81d5e3/go.mod h1:3p9vT2HGsQu2K1YbXdKPJLVgG5VJdoTa1poYQBtP1AY=
golang.org/x/sys v0.0.0-20211216021012-1d35b9e2eb4e h1:fLOSk5Q00efkSvAm+4xcoXD+RRmLmmulPn5I3Y9F2EM=
golang.org/x/sys v0.0.0-20211216021012-1d35b9e2eb4e/go.mod h1:oPkhp1MJrh7nUepCBck5+mAzfO9JrbApNNgaTdGDITg=
golang.org/x/sys v0.0.0-20220429233432-b5fbb4746d32 h1:Js08h5hqB5xyWR789+QqueR6sDE8mk+YvpETZ+F6X9Y=
golang.org/x/sys v0.0.0-20220429233432-b5fbb4746d32/go.mod h1:oPkhp1MJrh7nUepCBck5+mAzfO9JrbApNNgaTdGDITg=
golang.org/x/tools v0.1.8 h1:P1HhGGuLW4aAclzjtmJdf0mJOjVUZUzOTqkAkWL+l6w=
golang.org/x/tools v0.1.8/go.mod h1:nABZi5QlRsZVlzPpHl034qft6wpY4eDcsTt5AaioBiU=
golang.org/x/tools v0.1.10 h1:QjFRCZxdOhBJ/UNgnBZLbNV13DlbnK0quyivTnXJM20=
golang.org/x/tools v0.1.10/go.mod h1:Uh6Zz+xoGYZom868N8YTex3t7RhtHDBrE8Gzo9bV56E=
golang.org/x/xerrors v0.0.0-20200804184101-5ec99f83aff1 h1:go1bK/D/BFZV2I8cIQd1NKEZ+0owSTG1fDTci4IqFcE=
golang.org/x/xerrors v0.0.0-20200804184101-5ec99f83aff1/go.mod h1:I/5z698sn9Ka8TeJc9MKroUUfqBBauWjQqLJ2OPfmY0=
golang.org/x/xerrors v0.0.0-20220411194840-2f41105eb62f h1:GGU+dLjvlC3qDwqYgL6UgRmHXhOOgns0bZu2Ty5mm6U=
golang.org/x/xerrors v0.0.0-20220411194840-2f41105eb62f/go.mod h1:I/5z698sn9Ka8TeJc9MKroUUfqBBauWjQqLJ2OPfmY0=
shanhu.io/misc v0.0.0-20211219232220-7c32d2d7e486 h1:rOjHel7cERGFKmJ/eymqcQpRCgzsw/MxBDGVYoR4z5k=
shanhu.io/misc v0.0.0-20211219232220-7c32d2d7e486/go.mod h1:/n+HdNw0YhtCbOxL4X18VO43rkeexfa/miVgcRI+8LM=
shanhu.io/misc v0.0.0-20220417204140-117e3c66ed14 h1:J+CsEzQCN6Ux6dVYRoDEi2IPeHU2hsgihAIBqlFQcjo=
shanhu.io/misc v0.0.0-20220417204140-117e3c66ed14/go.mod h1:aABKvPyBlihBeW/S0YQ8VW9ToGUwTMz2zFNu6STUU9c=
shanhu.io/text v0.0.0-20211223054527-6b1ed066cd84 h1:W+u9kUwghYUqeE+wbovbF8OhcI7B2KXRzbj/teMWYAM=
shanhu.io/text v0.0.0-20211223054527-6b1ed066cd84/go.mod h1:Np11lL3hfbT5QunuDgouCl65s112Pz3QHvNAdXpJWq8=
shanhu.io/text v0.0.0-20220403174149-0195ecfdda87 h1:5B5QyUHPdmsKzfhgJjG7LZ3gdIL7NSBAMtL4QCXx07E=
shanhu.io/text v0.0.0-20220403174149-0195ecfdda87/go.mod h1:CexHuZjVSZj85hsKVcxZq80AMSdJNPFlOD4lSDEEE5g=
